
Microsoft Visual Studio Solution File, Format Version 12.00
Project("{FAE04EC0-301F-11D3-BF4B-00C04F79EFBC}") = "Framework.DB.MongoDB.Repository", "Framework.DB.MongoDB.Repository.csproj", "{F98F0118-3338-4A8C-A20B-C459EA2EE823}"
EndProject
Global
	GlobalSection(SolutionConfigurationPlatforms) = preSolution
		Debug|Any CPU = Debug|Any CPU
		Release|Any CPU = Release|Any CPU
	EndGlobalSection
	GlobalSection(ProjectConfigurationPlatforms) = postSolution
		{F98F0118-3338-4A8C-A20B-C459EA2EE823}.Debug|Any CPU.ActiveCfg = Debug|Any CPU
		{F98F0118-3338-4A8C-A20B-C459EA2EE823}.Debug|Any CPU.Build.0 = Debug|Any CPU
		{F98F0118-3338-4A8C-A20B-C459EA2EE823}.Release|Any CPU.ActiveCfg = Release|Any CPU
		{F98F0118-3338-4A8C-A20B-C459EA2EE823}.Release|Any CPU.Build.0 = Release|Any CPU
	EndGlobalSection
EndGlobal
